PODS:
  - Capacitor (7.6.9):
    - CapacitorCordova
  - CapacitorApp (7.1.2):
    - Capacitor
  - CapacitorBrowser (7.0.5):
    - Capacitor
  - CapacitorCordova (7.6.9)

DEPENDENCIES:
  - "Capacitor (from `../../node_modules/@capacitor/ios`)"
  - "CapacitorApp (from `../../node_modules/@capacitor/app`)"
  - "CapacitorBrowser (from `../../node_modules/@capacitor/browser`)"
  - "CapacitorCordova (from `../../node_modules/@capacitor/ios`)"

EXTERNAL SOURCES:
  Capacitor:
    :path: "../../node_modules/@capacitor/ios"
  CapacitorApp:
    :path: "../../node_modules/@capacitor/app"
  CapacitorBrowser:
    :path: "../../node_modules/@capacitor/browser"
  CapacitorCordova:
    :path: "../../node_modules/@capacitor/ios"

SPEC CHECKSUMS:
  Capacitor: 1194c38ae1cc820671aefd94c59ebcbca2f33b26
  CapacitorApp: 6b89831465d6bc99bc89779b1b7f5327e33011ce
  CapacitorBrowser: 3bcddd9dd07cfff9105dcc88ad64853be9862e50
  CapacitorCordova: 2080fc0d6bfbc9dcc0e6d88e77fa624190d343ca

PODFILE CHECKSUM: 4aff2922841799f9ef78cd5d462744c7648af68b

COCOAPODS: 1.15.2
